
Microsoft Visual Studio Solution File, Format Version 12.00
# Visual Studio Version 17
VisualStudioVersion = 17.9.34622.214
MinimumVisualStudioVersion = 10.0.40219.1
Project("{FAE04EC0-301F-11D3-BF4B-00C04F79EFBC}") = "ClassLibrary2", "ClassLibrary2.csproj", "{347FAB52-6E55-4374-8C91-35EE982DD3F7}"
EndProject
Global
	GlobalSection(SolutionConfigurationPlatforms) = preSolution
		Debug|Any CPU = Debug|Any CPU
		Release|Any CPU = Release|Any CPU
	EndGlobalSection
	GlobalSection(ProjectConfigurationPlatforms) = postSolution
		{347FAB52-6E55-4374-8C91-35EE982DD3F7}.Debug|Any CPU.ActiveCfg = Debug|Any CPU
		{347FAB52-6E55-4374-8C91-35EE982DD3F7}.Debug|Any CPU.Build.0 = Debug|Any CPU
		{347FAB52-6E55-4374-8C91-35EE982DD3F7}.Release|Any CPU.ActiveCfg = Release|Any CPU
		{347FAB52-6E55-4374-8C91-35EE982DD3F7}.Release|Any CPU.Build.0 = Release|Any CPU
	EndGlobalSection
	GlobalSection(SolutionProperties) = preSolution
		HideSolutionNode = FALSE
	EndGlobalSection
	GlobalSection(ExtensibilityGlobals) = postSolution
		SolutionGuid = {1606913E-9F7D-4580-AC0A-F152CD9F93AC}
	EndGlobalSection
EndGlobal
